
Microsoft Visual Studio Solution File, Format Version 12.00
# Visual Studio Version 16
VisualStudioVersion = 16.0.29613.14
MinimumVisualStudioVersion = 10.0.40219.1
Project("{FAE04EC0-301F-11D3-BF4B-00C04F79EFBC}") = "UaLayman", "UaLayman\UaLayman.csproj", "{0591D21C-8C60-4EE5-8374-F9FDE4563BAD}"
EndProject
Project("{9A19103F-16F7-4668-BE54-9A1E7A4F7556}") = "UaLayman.Common", "UaLayman.Common\UaLayman.Common.csproj", "{AD6D791B-CECF-4FAD-B777-89FC80FD9A4A}"
EndProject
Project("{9A19103F-16F7-4668-BE54-9A1E7A4F7556}") = "UaLayman.ViewModels", "UaLayman.ViewModels\UaLayman.ViewModels.csproj", "{01D333F8-EDD7-473C-BF10-F0823665174E}"
EndProject
Project("{9A19103F-16F7-4668-BE54-9A1E7A4F7556}") = "UaLayman.ViewModels.Tests", "UaLayman.ViewModels.Tests\UaLayman.ViewModels.Tests.csproj", "{75F500C1-F23D-4D58-BBFA-5984DE838506}"
EndProject
Project("{9A19103F-16F7-4668-BE54-9A1E7A4F7556}") = "UaLayman.Services", "UaLayman.Services\UaLayman.Services.csproj", "{7C63C9D1-8FD3-4566-8AC0-1296CCBFF981}"
EndProject
Global
	GlobalSection(SolutionConfigurationPlatforms) = preSolution
		Debug|Any CPU = Debug|Any CPU
		Debug|ARM = Debug|ARM
		Debug|ARM64 = Debug|ARM64
		Debug|x64 = Debug|x64
		Debug|x86 = Debug|x86
		Release|Any CPU = Release|Any CPU
		Release|ARM = Release|ARM
		Release|ARM64 = Release|ARM64
		Release|x64 = Release|x64
		Release|x86 = Release|x86
	EndGlobalSection
	GlobalSection(ProjectConfigurationPlatforms) = postSolution
		{0591D21C-8C60-4EE5-8374-F9FDE4563BAD}.Debug|Any CPU.ActiveCfg = Debug|x64
		{0591D21C-8C60-4EE5-8374-F9FDE4563BAD}.Debug|Any CPU.Build.0 = Debug|x64
		{0591D21C-8C60-4EE5-8374-F9FDE4563BAD}.Debug|Any CPU.Deploy.0 = Debug|x64
		{0591D21C-8C60-4EE5-8374-F9FDE4563BAD}.Debug|ARM.ActiveCfg = Debug|ARM
		{0591D21C-8C60-4EE5-8374-F9FDE4563BAD}.Debug|ARM.Build.0 = Debug|ARM
		{0591D21C-8C60-4EE5-8374-F9FDE4563BAD}.Debug|ARM.Deploy.0 = Debug|ARM
		{0591D21C-8C60-4EE5-8374-F9FDE4563BAD}.Debug|ARM64.ActiveCfg = Debug|ARM64
		{0591D21C-8C60-4EE5-8374-F9FDE4563BAD}.Debug|ARM64.Build.0 = Debug|ARM64
		{0591D21C-8C60-4EE5-8374-F9FDE4563BAD}.Debug|ARM64.Deploy.0 = Debug|ARM64
		{0591D21C-8C60-4EE5-8374-F9FDE4563BAD}.Debug|x64.ActiveCfg = Debug|x64
		{0591D21C-8C60-4EE5-8374-F9FDE4563BAD}.Debug|x64.Build.0 = Debug|x64
		{0591D21C-8C60-4EE5-8374-F9FDE4563BAD}.Debug|x64.Deploy.0 = Debug|x64
		{0591D21C-8C60-4EE5-8374-F9FDE4563BAD}.Debug|x86.ActiveCfg = Debug|x86
		{0591D21C-8C60-4EE5-8374-F9FDE4563BAD}.Debug|x86.Build.0 = Debug|x86
		{0591D21C-8C60-4EE5-8374-F9FDE4563BAD}.Debug|x86.Deploy.0 = Debug|x86
		{0591D21C-8C60-4EE5-8374-F9FDE4563BAD}.Release|Any CPU.ActiveCfg = Release|x86
		{0591D21C-8C60-4EE5-8374-F9FDE4563BAD}.Release|ARM.ActiveCfg = Release|ARM
		{0591D21C-8C60-4EE5-8374-F9FDE4563BAD}.Release|ARM.Build.0 = Release|ARM
		{0591D21C-8C60-4EE5-8374-F9FDE4563BAD}.Release|ARM.Deploy.0 = Release|ARM
		{0591D21C-8C60-4EE5-8374-F9FDE4563BAD}.Release|ARM64.ActiveCfg = Release|ARM64
		{0591D21C-8C60-4EE5-8374-F9FDE4563BAD}.Release|ARM64.Build.0 = Release|ARM64
		{0591D21C-8C60-4EE5-8374-F9FDE4563BAD}.Release|ARM64.Deploy.0 = Release|ARM64
		{0591D21C-8C60-4EE5-8374-F9FDE4563BAD}.Release|x64.ActiveCfg = Release|x64
		{0591D21C-8C60-4EE5-8374-F9FDE4563BAD}.Release|x64.Build.0 = Release|x64
		{0591D21C-8C60-4EE5-8374-F9FDE4563BAD}.Release|x64.Deploy.0 = Release|x64
		{0591D21C-8C60-4EE5-8374-F9FDE4563BAD}.Release|x86.ActiveCfg = Release|x86
		{0591D21C-8C60-4EE5-8374-F9FDE4563BAD}.Release|x86.Build.0 = Release|x86
		{0591D21C-8C60-4EE5-8374-F9FDE4563BAD}.Release|x86.Deploy.0 = Release|x86
		{AD6D791B-CECF-4FAD-B777-89FC80FD9A4A}.Debug|Any CPU.ActiveCfg = Debug|Any CPU
		{AD6D791B-CECF-4FAD-B777-89FC80FD9A4A}.Debug|Any CPU.Build.0 = Debug|Any CPU
		{AD6D791B-CECF-4FAD-B777-89FC80FD9A4A}.Debug|ARM.ActiveCfg = Debug|Any CPU
		{AD6D791B-CECF-4FAD-B777-89FC80FD9A4A}.Debug|ARM.Build.0 = Debug|Any CPU
		{AD6D791B-CECF-4FAD-B777-89FC80FD9A4A}.Debug|ARM64.ActiveCfg = Debug|Any CPU
		{AD6D791B-CECF-4FAD-B777-89FC80FD9A4A}.Debug|ARM64.Build.0 = Debug|Any CPU
		{AD6D791B-CECF-4FAD-B777-89FC80FD9A4A}.Debug|x64.ActiveCfg = Debug|Any CPU
		{AD6D791B-CECF-4FAD-B777-89FC80FD9A4A}.Debug|x64.Build.0 = Debug|Any CPU
		{AD6D791B-CECF-4FAD-B777-89FC80FD9A4A}.Debug|x86.ActiveCfg = Debug|Any CPU
		{AD6D791B-CECF-4FAD-B777-89FC80FD9A4A}.Debug|x86.Build.0 = Debug|Any CPU
		{AD6D791B-CECF-4FAD-B777-89FC80FD9A4A}.Release|Any CPU.ActiveCfg = Release|Any CPU
		{AD6D791B-CECF-4FAD-B777-89FC80FD9A4A}.Release|Any CPU.Build.0 = Release|Any CPU
		{AD6D791B-CECF-4FAD-B777-89FC80FD9A4A}.Release|ARM.ActiveCfg = Release|Any CPU
		{AD6D791B-CECF-4FAD-B777-89FC80FD9A4A}.Release|ARM.Build.0 = Release|Any CPU
		{AD6D791B-CECF-4FAD-B777-89FC80FD9A4A}.Release|ARM64.ActiveCfg = Release|Any CPU
		{AD6D791B-CECF-4FAD-B777-89FC80FD9A4A}.Release|ARM64.Build.0 = Release|Any CPU
		{AD6D791B-CECF-4FAD-B777-89FC80FD9A4A}.Release|x64.ActiveCfg = Release|Any CPU
		{AD6D791B-CECF-4FAD-B777-89FC80FD9A4A}.Release|x64.Build.0 = Release|Any CPU
		{AD6D791B-CECF-4FAD-B777-89FC80FD9A4A}.Release|x86.ActiveCfg = Release|Any CPU
		{AD6D791B-CECF-4FAD-B777-89FC80FD9A4A}.Release|x86.Build.0 = Release|Any CPU
		{01D333F8-EDD7-473C-BF10-F0823665174E}.Debug|Any CPU.ActiveCfg = Debug|Any CPU
		{01D333F8-EDD7-473C-BF10-F0823665174E}.Debug|Any CPU.Build.0 = Debug|Any CPU
		{01D333F8-EDD7-473C-BF10-F0823665174E}.Debug|ARM.ActiveCfg = Debug|Any CPU
		{01D333F8-EDD7-473C-BF10-F0823665174E}.Debug|ARM.Build.0 = Debug|Any CPU
		{01D333F8-EDD7-473C-BF10-F0823665174E}.Debug|ARM64.ActiveCfg = Debug|Any CPU
		{01D333F8-EDD7-473C-BF10-F0823665174E}.Debug|ARM64.Build.0 = Debug|Any CPU
		{01D333F8-EDD7-473C-BF10-F0823665174E}.Debug|x64.ActiveCfg = Debug|Any CPU
		{01D333F8-EDD7-473C-BF10-F0823665174E}.Debug|x64.Build.0 = Debug|Any CPU
		{01D333F8-EDD7-473C-BF10-F0823665174E}.Debug|x86.ActiveCfg = Debug|Any CPU
		{01D333F8-EDD7-473C-BF10-F0823665174E}.Debug|x86.Build.0 = Debug|Any CPU
		{01D333F8-EDD7-473C-BF10-F0823665174E}.Release|Any CPU.ActiveCfg = Release|Any CPU
		{01D333F8-EDD7-473C-BF10-F0823665174E}.Release|Any CPU.Build.0 = Release|Any CPU
		{01D333F8-EDD7-473C-BF10-F0823665174E}.Release|ARM.ActiveCfg = Release|Any CPU
		{01D333F8-EDD7-473C-BF10-F0823665174E}.Release|ARM.Build.0 = Release|Any CPU
		{01D333F8-EDD7-473C-BF10-F0823665174E}.Release|ARM64.ActiveCfg = Release|Any CPU
		{01D333F8-EDD7-473C-BF10-F0823665174E}.Release|ARM64.Build.0 = Release|Any CPU
		{01D333F8-EDD7-473C-BF10-F0823665174E}.Release|x64.ActiveCfg = Release|Any CPU
		{01D333F8-EDD7-473C-BF10-F0823665174E}.Release|x64.Build.0 = Release|Any CPU
		{01D333F8-EDD7-473C-BF10-F0823665174E}.Release|x86.ActiveCfg = Release|Any CPU
		{01D333F8-EDD7-473C-BF10-F0823665174E}.Release|x86.Build.0 = Release|Any CPU
		{75F500C1-F23D-4D58-BBFA-5984DE838506}.Debug|Any CPU.ActiveCfg = Debug|Any CPU
		{75F500C1-F23D-4D58-BBFA-5984DE838506}.Debug|Any CPU.Build.0 = Debug|Any CPU
		{75F500C1-F23D-4D58-BBFA-5984DE838506}.Debug|ARM.ActiveCfg = Debug|Any CPU
		{75F500C1-F23D-4D58-BBFA-5984DE838506}.Debug|ARM.Build.0 = Debug|Any CPU
		{75F500C1-F23D-4D58-BBFA-5984DE838506}.Debug|ARM64.ActiveCfg = Debug|Any CPU
		{75F500C1-F23D-4D58-BBFA-5984DE838506}.Debug|ARM64.Build.0 = Debug|Any CPU
		{75F500C1-F23D-4D58-BBFA-5984DE838506}.Debug|x64.ActiveCfg = Debug|Any CPU
		{75F500C1-F23D-4D58-BBFA-5984DE838506}.Debug|x64.Build.0 = Debug|Any CPU
		{75F500C1-F23D-4D58-BBFA-5984DE838506}.Debug|x86.ActiveCfg = Debug|Any CPU
		{75F500C1-F23D-4D58-BBFA-5984DE838506}.Debug|x86.Build.0 = Debug|Any CPU
		{75F500C1-F23D-4D58-BBFA-5984DE838506}.Release|Any CPU.ActiveCfg = Release|Any CPU
		{75F500C1-F23D-4D58-BBFA-5984DE838506}.Release|Any CPU.Build.0 = Release|Any CPU
		{75F500C1-F23D-4D58-BBFA-5984DE838506}.Release|ARM.ActiveCfg = Release|Any CPU
		{75F500C1-F23D-4D58-BBFA-5984DE838506}.Release|ARM.Build.0 = Release|Any CPU
		{75F500C1-F23D-4D58-BBFA-5984DE838506}.Release|ARM64.ActiveCfg = Release|Any CPU
		{75F500C1-F23D-4D58-BBFA-5984DE838506}.Release|ARM64.Build.0 = Release|Any CPU
		{75F500C1-F23D-4D58-BBFA-5984DE838506}.Release|x64.ActiveCfg = Release|Any CPU
		{75F500C1-F23D-4D58-BBFA-5984DE838506}.Release|x64.Build.0 = Release|Any CPU
		{75F500C1-F23D-4D58-BBFA-5984DE838506}.Release|x86.ActiveCfg = Release|Any CPU
		{75F500C1-F23D-4D58-BBFA-5984DE838506}.Release|x86.Build.0 = Release|Any CPU
		{7C63C9D1-8FD3-4566-8AC0-1296CCBFF981}.Debug|Any CPU.ActiveCfg = Debug|Any CPU
		{7C63C9D1-8FD3-4566-8AC0-1296CCBFF981}.Debug|Any CPU.Build.0 = Debug|Any CPU
		{7C63C9D1-8FD3-4566-8AC0-1296CCBFF981}.Debug|ARM.ActiveCfg = Debug|Any CPU
		{7C63C9D1-8FD3-4566-8AC0-1296CCBFF981}.Debug|ARM.Build.0 = Debug|Any CPU
		{7C63C9D1-8FD3-4566-8AC0-1296CCBFF981}.Debug|ARM64.ActiveCfg = Debug|Any CPU
		{7C63C9D1-8FD3-4566-8AC0-1296CCBFF981}.Debug|ARM64.Build.0 = Debug|Any CPU
		{7C63C9D1-8FD3-4566-8AC0-1296CCBFF981}.Debug|x64.ActiveCfg = Debug|Any CPU
		{7C63C9D1-8FD3-4566-8AC0-1296CCBFF981}.Debug|x64.Build.0 = Debug|Any CPU
		{7C63C9D1-8FD3-4566-8AC0-1296CCBFF981}.Debug|x86.ActiveCfg = Debug|Any CPU
		{7C63C9D1-8FD3-4566-8AC0-1296CCBFF981}.Debug|x86.Build.0 = Debug|Any CPU
		{7C63C9D1-8FD3-4566-8AC0-1296CCBFF981}.Release|Any CPU.ActiveCfg = Release|Any CPU
		{7C63C9D1-8FD3-4566-8AC0-1296CCBFF981}.Release|Any CPU.Build.0 = Release|Any CPU
		{7C63C9D1-8FD3-4566-8AC0-1296CCBFF981}.Release|ARM.ActiveCfg = Release|Any CPU
		{7C63C9D1-8FD3-4566-8AC0-1296CCBFF981}.Release|ARM.Build.0 = Release|Any CPU
		{7C63C9D1-8FD3-4566-8AC0-1296CCBFF981}.Release|ARM64.ActiveCfg = Release|Any CPU
		{7C63C9D1-8FD3-4566-8AC0-1296CCBFF981}.Release|ARM64.Build.0 = Release|Any CPU
		{7C63C9D1-8FD3-4566-8AC0-1296CCBFF981}.Release|x64.ActiveCfg = Release|Any CPU
		{7C63C9D1-8FD3-4566-8AC0-1296CCBFF981}.Release|x64.Build.0 = Release|Any CPU
		{7C63C9D1-8FD3-4566-8AC0-1296CCBFF981}.Release|x86.ActiveCfg = Release|Any CPU
		{7C63C9D1-8FD3-4566-8AC0-1296CCBFF981}.Release|x86.Build.0 = Release|Any CPU
	EndGlobalSection
	GlobalSection(SolutionProperties) = preSolution
		HideSolutionNode = FALSE
	EndGlobalSection
	GlobalSection(ExtensibilityGlobals) = postSolution
		SolutionGuid = {94A18487-0ECD-44B7-9988-9EC43FBA0C81}
	EndGlobalSection
EndGlobal
